{
  "originHash" : "264fe0f1abcd1b5f1db1014e3b6f1356e8368158088f922f86ae226567788f41",
  "pins" : [
    {
      "identity" : "iroh-ffi",
      "kind" : "remoteSourceControl",
      "location" : "https://github.com/manaflow-ai/iroh-ffi.git",
      "state" : {
        "revision" : "7bcc93b4255935546df04f66f22cf130972212e7",
        "version" : "1.0.2-cmux.7.ios17.1"
      }
    }
  ],
  "version" : 3
}
