// !$*UTF8*$!
{
	archiveVersion = 1;
	classes = {
	};
	objectVersion = 77;
	objects = {

/* Begin PBXBuildFile section */
		CE7A00000000000000000015 /* Assets.xcassets in Resources */ = {isa = PBXBuildFile; fileRef = A5001101 /* Assets.xcassets */; };
		CE7A00000000000000000012 /* CmuxNextApp in Frameworks */ = {isa = PBXBuildFile; productRef = CE7A00000000000000000014 /* CmuxNextApp */; };
		CE7A00000000000000000019 /* InfoPlist.xcstrings in Resources */ = {isa = PBXBuildFile; fileRef = DA7A10CA710E000000000002 /* InfoPlist.xcstrings */; };
		CE7A0000000000000000001D /* LICENSE in Resources */ = {isa = PBXBuildFile; fileRef = A11CE0050000000000000001 /* LICENSE */; };
		CE7A00000000000000000002 /* main.swift in Sources */ = {isa = PBXBuildFile; fileRef = CE7A00000000000000000001 /* main.swift */; };
        C12681010000000000000001 /* TerminalPortalGeometryFixture.swift in Sources */ = {isa = PBXBuildFile; fileRef = C12681010000000000000002 /* TerminalPortalGeometryFixture.swift */; };
		CE7A0000000000000000001E /* THIRD_PARTY_LICENSES.md in Resources */ = {isa = PBXBuildFile; fileRef = A5002001 /* THIRD_PARTY_LICENSES.md */; };





/* End PBXBuildFile section */

/* Begin PBXContainerItemProxy section */
/* End PBXContainerItemProxy section */

/* Begin PBXCopyFilesBuildPhase section */
/* End PBXCopyFilesBuildPhase section */

/* Begin PBXFileReference section */
		IC000002 /* AppIcon.icon */ = {isa = PBXFileReference; lastKnownFileType = folder; path = AppIcon.icon; sourceTree = "<group>"; };
		A5001101 /* Assets.xcassets */ = {isa = PBXFileReference; lastKnownFileType = folder.assetcatalog; path = Assets.xcassets; sourceTree = "<group>"; };
		C0DEC0DE0000000000000012 /* cmux-cua */ = {isa = PBXFileReference; lastKnownFileType = folder; name = "cmux-cua"; path = "skills/cmux-cua"; sourceTree = SOURCE_ROOT; };
		CE7A00000000000000000004 /* cmux-next.app */ = {isa = PBXFileReference; explicitFileType = wrapper.application; includeInIndex = 0; path = "cmux-next.app"; sourceTree = BUILT_PRODUCTS_DIR; };
		FEED0A00000000000000F006 /* feed-tui */ = {isa = PBXFileReference; includeInIndex = 1; lastKnownFileType = folder; path = "feed-tui"; sourceTree = "<group>"; };
		A5001017 /* ghostty.h */ = {isa = PBXFileReference; lastKnownFileType = sourcecode.c.h; path = ghostty.h; sourceTree = "<group>"; };
		DA7A10CA710E000000000002 /* InfoPlist.xcstrings */ = {isa = PBXFileReference; lastKnownFileType = text.json.xcstrings; path = InfoPlist.xcstrings; sourceTree = "<group>"; };
		A11CE0050000000000000001 /* LICENSE */ = {isa = PBXFileReference; lastKnownFileType = text; path = LICENSE; sourceTree = SOURCE_ROOT; };
		CE7A00000000000000000001 /* main.swift */ = {isa = PBXFileReference; lastKnownFileType = sourcecode.swift; path = "App/main.swift"; sourceTree = SOURCE_ROOT; };
		A9D9000000000000000F0016 /* markdown-viewer */ = {isa = PBXFileReference; includeInIndex = 1; lastKnownFileType = folder; path = "markdown-viewer"; sourceTree = "<group>"; };
		FEED0000000000000000F006 /* opencode-plugin.js */ = {isa = PBXFileReference; includeInIndex = 1; lastKnownFileType = sourcecode.javascript; path = "opencode-plugin.js"; sourceTree = "<group>"; };
		D96971000000000000000003 /* setup-pam-tid.sh */ = {isa = PBXFileReference; lastKnownFileType = text.script.sh; path = "scripts/setup-pam-tid.sh"; sourceTree = SOURCE_ROOT; };
		C0DE70500000000000000001 /* start-cmux-profiling */ = {isa = PBXFileReference; lastKnownFileType = text.script.sh; path = "Resources/bin/start-cmux-profiling"; sourceTree = SOURCE_ROOT; };
		C0DE70530000000000000001 /* submit-cmux-profile */ = {isa = PBXFileReference; lastKnownFileType = text.script.sh; path = "Resources/bin/submit-cmux-profile"; sourceTree = SOURCE_ROOT; };
        C12681010000000000000002 /* TerminalPortalGeometryFixture.swift */ = {isa = PBXFileReference; lastKnownFileType = sourcecode.swift; path = TerminalPortalGeometryFixture.swift; sourceTree = "<group>"; };
		A5002001 /* THIRD_PARTY_LICENSES.md */ = {isa = PBXFileReference; lastKnownFileType = net.daringfireball.markdown; path = THIRD_PARTY_LICENSES.md; sourceTree = SOURCE_ROOT; };
		B2E7294509CC42FE9191870E /* xterm-ghostty */ = {isa = PBXFileReference; lastKnownFileType = file; path = "ghostty/terminfo/78/xterm-ghostty"; sourceTree = "<group>"; };





/* End PBXFileReference section */

/* Begin PBXFileSystemSynchronizedBuildFileExceptionSet section */
		CE7A00000000000000000023 /* Exceptions for "App" folder in "cmux-next" target */ = {
			isa = PBXFileSystemSynchronizedBuildFileExceptionSet;
			membershipExceptions = (
				main.swift,
			);
			target = CE7A00000000000000000005 /* cmux-next */;
		};
		CE7A00000000000000000024 /* Exceptions for "Resources" folder in "cmux-next" target */ = {
			isa = PBXFileSystemSynchronizedBuildFileExceptionSet;
			membershipExceptions = (
				ComputerUseHelper.icon,
				ComputerUseHelperIcon.icns,
				Info.plist,
				InfoPlist.xcstrings,
				bin,
				cmux.entitlements,
				coderouter-cli.json,
				feed-tui,
				ghostty,
				ghostty/terminfo/78/xterm-ghostty,
				markdown-viewer,
				opencode-plugin.js,
				shell-integration,
				terminfo-overlay,
				terminfo-overlay/78/xterm-ghostty,
			);
			target = CE7A00000000000000000005 /* cmux-next */;
		};
/* End PBXFileSystemSynchronizedBuildFileExceptionSet section */

/* Begin PBXFileSystemSynchronizedRootGroup section */
		CE7A00000000000000000021 /* App */ = {
			isa = PBXFileSystemSynchronizedRootGroup;
			exceptions = (
				CE7A00000000000000000023 /* Exceptions for "App" folder in "cmux-next" target */,
			);
			path = App;
			sourceTree = "<group>";
		};
		CE7A00000000000000000022 /* Resources */ = {
			isa = PBXFileSystemSynchronizedRootGroup;
			exceptions = (
				CE7A00000000000000000024 /* Exceptions for "Resources" folder in "cmux-next" target */,
			);
			path = Resources;
			sourceTree = "<group>";
		};
/* End PBXFileSystemSynchronizedRootGroup section */

/* Begin PBXFrameworksBuildPhase section */
		CE7A0000000000000000000A /* Frameworks */ = {
			isa = PBXFrameworksBuildPhase;
			buildActionMask = 2147483647;
			files = (
				CE7A00000000000000000012 /* CmuxNextApp in Frameworks */,
			);
			runOnlyForDeploymentPostprocessing = 0;
		};
/* End PBXFrameworksBuildPhase section */

/* Begin PBXGroup section */
		A5001040 = {
			isa = PBXGroup;
			children = (
				CE7A00000000000000000022 /* Resources */,
				A5001101 /* Assets.xcassets */,
				IC000002 /* AppIcon.icon */,
				A5001017 /* ghostty.h */,
				A5001042 /* Products */,
				CE7A00000000000000000021 /* App */,
			);
			sourceTree = "<group>";
		};
		A5001042 /* Products */ = {
			isa = PBXGroup;
			children = (
				CE7A00000000000000000004 /* cmux-next.app */,
			);
			name = Products;
			sourceTree = "<group>";
		};
/* End PBXGroup section */

/* Begin PBXNativeTarget section */
		CE7A00000000000000000005 /* cmux-next */ = {
			isa = PBXNativeTarget;
			buildConfigurationList = CE7A00000000000000000006 /* Build configuration list for PBXNativeTarget "cmux-next" */;
			buildPhases = (
				CE7A00000000000000000009 /* Sources */,
				CE7A0000000000000000000A /* Frameworks */,
				CE7A0000000000000000000B /* Resources */,
				CE7A0000000000000000000D /* Reject Bundled Provider Binaries */,
				CE7A0000000000000000001B /* Bundle CLI resources */,
				CE7A0000000000000000001C /* Build Diff Sidecar */,
				CE7A00000000000000000016 /* Bundle cmux-tui */,
				CE7A00000000000000000020 /* Bundle acpmux */,
				CE7A00000000000000000017 /* Embed CEF */,
				CE7A00000000000000000018 /* Bundle Ghostty resources */,
				CE7A00000000000000000031 /* Bundle server helper */,
			);
			buildRules = (
			);
			dependencies = (
			);
			fileSystemSynchronizedGroups = (
				CE7A00000000000000000021 /* App */,
				CE7A00000000000000000022 /* Resources */,
			);
			name = "cmux-next";
			packageProductDependencies = (
				CE7A00000000000000000014 /* CmuxNextApp */,
			);
			productName = "cmux-next";
			productReference = CE7A00000000000000000004 /* cmux-next.app */;
			productType = "com.apple.product-type.application";
		};
/* End PBXNativeTarget section */

/* Begin PBXProject section */
		A5001070 /* Project object */ = {
			isa = PBXProject;
			attributes = {
				BuildIndependentTargetsInParallel = 1;
				LastSwiftUpdateCheck = 1500;
				LastUpgradeCheck = 1500;
			};
			buildConfigurationList = A5001071 /* Build configuration list for PBXProject "cmux" */;
			compatibilityVersion = "Xcode 14.0";
			developmentRegion = en;
			hasScannedForEncodings = 0;
			knownRegions = (
				en,
				Base,
				ja,
				ar,
				bs,
				da,
				de,
				es,
				fr,
				it,
				ko,
				nb,
				pl,
				"pt-BR",
				ru,
				th,
				tr,
				km,
				uk,
				vi,
				"zh-Hans",
				"zh-Hant",
			);
			mainGroup = A5001040;
			packageReferences = (
				CE7A00000000000000000013 /* XCLocalSwiftPackageReference "Packages/macOS/CmuxNext" */,
			);
			preferredProjectObjectVersion = 77;
			productRefGroup = A5001042 /* Products */;
			projectDirPath = "";
			projectRoot = "";
			targets = (
				CE7A00000000000000000005 /* cmux-next */,
			);
		};
/* End PBXProject section */

/* Begin PBXResourcesBuildPhase section */
		CE7A0000000000000000000B /* Resources */ = {
			isa = PBXResourcesBuildPhase;
			buildActionMask = 2147483647;
			files = (
				CE7A00000000000000000015 /* Assets.xcassets in Resources */,
				CE7A00000000000000000019 /* InfoPlist.xcstrings in Resources */,
				CE7A0000000000000000001D /* LICENSE in Resources */,
				CE7A0000000000000000001E /* THIRD_PARTY_LICENSES.md in Resources */,
			);
			runOnlyForDeploymentPostprocessing = 0;
		};
/* End PBXResourcesBuildPhase section */

/* Begin PBXShellScriptBuildPhase section */
		CE7A0000000000000000001B /* Bundle CLI resources */ = {
			isa = PBXShellScriptBuildPhase;
			alwaysOutOfDate = 1;
			buildActionMask = 2147483647;
			files = (
			);
			inputFileListPaths = (
			);
			inputPaths = (
			);
			name = "Bundle CLI resources";
			outputFileListPaths = (
			);
			outputPaths = (
			);
			runOnlyForDeploymentPostprocessing = 0;
			shellPath = /bin/sh;
			shellScript = "exec \"${SRCROOT}/scripts/cmux-next/bundle-cli-resources.sh\"\n";
		};
		CE7A0000000000000000001C /* Build Diff Sidecar */ = {
			isa = PBXShellScriptBuildPhase;
			alwaysOutOfDate = 1;
			buildActionMask = 2147483647;
			files = (
			);
			inputFileListPaths = (
			);
			inputPaths = (
			);
			name = "Build Diff Sidecar";
			outputFileListPaths = (
			);
			outputPaths = (
			);
			runOnlyForDeploymentPostprocessing = 0;
			shellPath = /bin/sh;
			shellScript = "# The sidecar keeps its own macOS 14.0 floor (verify-diff-sidecar-artifact.sh), not the app deployment target.\nrm -f \"${TARGET_TEMP_DIR}\"/cmux-diff-sidecar.arch-*.min-*.stamp\nCMUX_DIFF_SIDECAR_ARCHS=\"${ARCHS}\" CMUX_DIFF_SIDECAR_MIN_MACOS=14.0 CMUX_DIFF_SIDECAR_STAMP=\"${TARGET_TEMP_DIR}/cmux-diff-sidecar.arch-${ARCHS}.min-14.0.stamp\" exec \"${SRCROOT}/scripts/build-diff-sidecar.sh\"\n";
		};
		CE7A0000000000000000000D /* Reject Bundled Provider Binaries */ = {
			isa = PBXShellScriptBuildPhase;
			alwaysOutOfDate = 1;
			buildActionMask = 2147483647;
			files = (
			);
			inputFileListPaths = (
			);
			inputPaths = (
			);
			name = "Reject Bundled Provider Binaries";
			outputFileListPaths = (
			);
			outputPaths = (
			);
			runOnlyForDeploymentPostprocessing = 0;
			shellPath = /bin/sh;
			shellScript = "set -euo pipefail\nBIN_DIR=\"${TARGET_BUILD_DIR}/${UNLOCALIZED_RESOURCES_FOLDER_PATH}/bin\"\nPROVIDERS=\"codex claude opencode pi\"\nfor provider in $PROVIDERS; do\n  if [ -e \"${SRCROOT}/Resources/bin/${provider}\" ]; then\n    echo \"error: provider executable must not be checked in at Resources/bin/${provider}\" >&2\n    exit 1\n  fi\n  if [ -e \"${BIN_DIR}/${provider}\" ]; then\n    rm -rf \"${BIN_DIR:?}/${provider}\"\n  fi\n  if [ -e \"${BIN_DIR}/${provider}\" ]; then\n    echo \"error: provider executable must not be bundled at ${BIN_DIR}/${provider}\" >&2\n    exit 1\n  fi\ndone\n";
		};
		CE7A00000000000000000016 /* Bundle cmux-tui */ = {
			isa = PBXShellScriptBuildPhase;
			alwaysOutOfDate = 1;
			buildActionMask = 2147483647;
			files = (
			);
			inputFileListPaths = (
			);
			inputPaths = (
			);
			name = "Bundle cmux-tui";
			outputFileListPaths = (
			);
			outputPaths = (
			);
			runOnlyForDeploymentPostprocessing = 0;
			shellPath = /bin/sh;
			shellScript = "exec \"${SRCROOT}/scripts/cmux-next/bundle-cmux-tui.sh\"\n";
		};
		CE7A00000000000000000020 /* Bundle acpmux */ = {
			isa = PBXShellScriptBuildPhase;
			alwaysOutOfDate = 1;
			buildActionMask = 2147483647;
			files = (
			);
			inputFileListPaths = (
			);
			inputPaths = (
			);
			name = "Bundle acpmux";
			outputFileListPaths = (
			);
			outputPaths = (
			);
			runOnlyForDeploymentPostprocessing = 0;
			shellPath = /bin/sh;
			shellScript = "exec \"${SRCROOT}/scripts/cmux-next/bundle-acpmux.sh\"\n";
		};
		CE7A00000000000000000017 /* Embed CEF */ = {
			isa = PBXShellScriptBuildPhase;
			alwaysOutOfDate = 1;
			buildActionMask = 2147483647;
			files = (
			);
			inputFileListPaths = (
			);
			inputPaths = (
			);
			name = "Embed CEF";
			outputFileListPaths = (
			);
			outputPaths = (
			);
			runOnlyForDeploymentPostprocessing = 0;
			shellPath = /bin/sh;
			shellScript = "exec \"${SRCROOT}/scripts/cmux-next/embed-cef.sh\"\n";
		};
		CE7A00000000000000000018 /* Bundle Ghostty resources */ = {
			isa = PBXShellScriptBuildPhase;
			alwaysOutOfDate = 1;
			buildActionMask = 2147483647;
			files = (
			);
			inputFileListPaths = (
			);
			inputPaths = (
			);
			name = "Bundle Ghostty resources";
			outputFileListPaths = (
			);
			outputPaths = (
			);
			runOnlyForDeploymentPostprocessing = 0;
			shellPath = /bin/sh;
			shellScript = "exec \"${SRCROOT}/scripts/cmux-next/bundle-ghostty-resources.sh\"\n";
		};
		CE7A00000000000000000031 /* Bundle server helper */ = {
			isa = PBXShellScriptBuildPhase;
			alwaysOutOfDate = 1;
			buildActionMask = 2147483647;
			files = (
			);
			inputFileListPaths = (
			);
			inputPaths = (
			);
			name = "Bundle server helper";
			outputFileListPaths = (
			);
			outputPaths = (
			);
			runOnlyForDeploymentPostprocessing = 0;
			shellPath = /bin/sh;
			shellScript = "exec \"${SRCROOT}/scripts/cmux-next/bundle-server-helper.sh\"\n";
		};
/* End PBXShellScriptBuildPhase section */

/* Begin PBXSourcesBuildPhase section */
		CE7A00000000000000000009 /* Sources */ = {
			isa = PBXSourcesBuildPhase;
			buildActionMask = 2147483647;
			files = (
				CE7A00000000000000000002 /* main.swift in Sources */,
			);
			runOnlyForDeploymentPostprocessing = 0;
		};
/* End PBXSourcesBuildPhase section */

/* Begin PBXTargetDependency section */
/* End PBXTargetDependency section */

/* Begin PBXVariantGroup section */
/* End PBXVariantGroup section */

/* Begin XCBuildConfiguration section */
		A5001080 /* Debug */ = {
			isa = XCBuildConfiguration;
			buildSettings = {
				ALWAYS_SEARCH_USER_PATHS = NO;
				CLANG_ANALYZER_NONNULL = YES;
				CLANG_ENABLE_MODULES = YES;
				CLANG_ENABLE_OBJC_ARC = YES;
				COPY_PHASE_STRIP = NO;
				DEBUG_INFORMATION_FORMAT = dwarf;
				ENABLE_STRICT_OBJC_MSGSEND = YES;
				ENABLE_TESTABILITY = YES;
				GCC_DYNAMIC_NO_PIC = NO;
				GCC_NO_COMMON_BLOCKS = YES;
				GCC_OPTIMIZATION_LEVEL = 0;
				GCC_PREPROCESSOR_DEFINITIONS = (
					"DEBUG=1",
					"$(inherited)",
				);
				GCC_WARN_64_TO_32_BIT_CONVERSION = YES;
				GCC_WARN_ABOUT_RETURN_TYPE = YES_ERROR;
				GCC_WARN_UNDECLARED_SELECTOR = YES;
				GCC_WARN_UNINITIALIZED_AUTOS = YES_AGGRESSIVE;
				GCC_WARN_UNUSED_FUNCTION = YES;
				GCC_WARN_UNUSED_VARIABLE = YES;
				MACOSX_DEPLOYMENT_TARGET = 14.0;
				MTL_ENABLE_DEBUG_INFO = INCLUDE_SOURCE;
				MTL_FAST_MATH = YES;
				ONLY_ACTIVE_ARCH = YES;
				SDKROOT = macosx;
				SWIFT_ACTIVE_COMPILATION_CONDITIONS = DEBUG;
				SWIFT_OPTIMIZATION_LEVEL = "-Onone";
			};
			name = Debug;
		};
		A5001081 /* Release */ = {
			isa = XCBuildConfiguration;
			buildSettings = {
				ALWAYS_SEARCH_USER_PATHS = NO;
				CLANG_ANALYZER_NONNULL = YES;
				CLANG_ENABLE_MODULES = YES;
				CLANG_ENABLE_OBJC_ARC = YES;
				COPY_PHASE_STRIP = NO;
				DEBUG_INFORMATION_FORMAT = "dwarf-with-dsym";
				ENABLE_NS_ASSERTIONS = NO;
				ENABLE_STRICT_OBJC_MSGSEND = YES;
				GCC_NO_COMMON_BLOCKS = YES;
				GCC_WARN_64_TO_32_BIT_CONVERSION = YES;
				GCC_WARN_ABOUT_RETURN_TYPE = YES_ERROR;
				GCC_WARN_UNDECLARED_SELECTOR = YES;
				GCC_WARN_UNINITIALIZED_AUTOS = YES_AGGRESSIVE;
				GCC_WARN_UNUSED_FUNCTION = YES;
				GCC_WARN_UNUSED_VARIABLE = YES;
				MACOSX_DEPLOYMENT_TARGET = 14.0;
				MTL_ENABLE_DEBUG_INFO = NO;
				MTL_FAST_MATH = YES;
				ONLY_ACTIVE_ARCH = NO;
				SDKROOT = macosx;
				SWIFT_COMPILATION_MODE = wholemodule;
				SWIFT_OPTIMIZATION_LEVEL = "-O";
			};
			name = Release;
		};
		CE7A00000000000000000007 /* Debug */ = {
			isa = XCBuildConfiguration;
			buildSettings = {
				ASSETCATALOG_COMPILER_APPICON_NAME = "AppIcon-Debug";
				CMUX_AUTH_CALLBACK_SCHEME = "cmux-dev";
				CMUX_IROH_RELAY_POLICY_KEY_ID = "cmux-staging-relay-policy-2026-07";
				CMUX_IROH_RELAY_POLICY_NEXT_KEY_ID = "cmux-staging-relay-policy-2026-08";
				CMUX_IROH_RELAY_POLICY_NEXT_PUBLIC_KEY_BASE64 = "KnOZ6gKmH05Mrfan2tXgwRygBKxcSUue4bp34udiQFA=";
				CMUX_IROH_RELAY_POLICY_PUBLIC_KEY_BASE64 = "Otx9S0B4d/tlwIKYRf5evJaqhjCltFLPjMfXrLFd6lk=";
				CMUX_SIDEBAR_EXTENSION_POINT_ID = com.cmuxterm.app.cmux.sidebar;
				CODE_SIGN_ENTITLEMENTS = "";
				CODE_SIGN_STYLE = Automatic;
				COMBINE_HIDPI_IMAGES = YES;
				CURRENT_PROJECT_VERSION = 106;
				DEVELOPMENT_TEAM = "";
				ENABLE_HARDENED_RUNTIME = NO;
				GENERATE_INFOPLIST_FILE = NO;
				INFOPLIST_FILE = Resources/Info.plist;
				LD_RUNPATH_SEARCH_PATHS = (
					"$(inherited)",
					"@executable_path/../Frameworks",
				);
				MACOSX_DEPLOYMENT_TARGET = 26.0;
				MARKETING_VERSION = 0.64.25;
				OTHER_LDFLAGS = (
					"-lc++",
					"-framework",
					Metal,
					"-framework",
					QuartzCore,
					"-framework",
					IOSurface,
					"-framework",
					UniformTypeIdentifiers,
					"-framework",
					Carbon,
				);
				PRODUCT_BUNDLE_IDENTIFIER = com.cmuxterm.app.debug;
				PRODUCT_NAME = "cmux DEV";
				OTHER_SWIFT_FLAGS = (
					"-Xllvm",
					"-global-isel=0",
				);
				SPARKLE_PUBLIC_KEY = "avjcgKibf1FTvhIjLBxhd+0HSpsXU4D0IGlVk8cgqRc=";
				SWIFT_EMIT_LOC_STRINGS = YES;
				SWIFT_ENABLE_BATCH_MODE = NO;
				SWIFT_VERSION = 6.0;
			};
			name = Debug;
		};
		CE7A00000000000000000008 /* Release */ = {
			isa = XCBuildConfiguration;
			buildSettings = {
				ASSETCATALOG_COMPILER_APPICON_NAME = AppIcon;
				CMUX_AUTH_CALLBACK_SCHEME = cmux;
				CMUX_IROH_RELAY_POLICY_KEY_ID = "cmux-production-relay-policy-2026-07";
				CMUX_IROH_RELAY_POLICY_NEXT_KEY_ID = "cmux-production-relay-policy-2026-08";
				CMUX_IROH_RELAY_POLICY_NEXT_PUBLIC_KEY_BASE64 = "k+FND+WlELCkHs9QnWg1TfTuHXBwyv2907umX+mUOOU=";
				CMUX_IROH_RELAY_POLICY_PUBLIC_KEY_BASE64 = "qoBinRqX4TI1Ro6xAuOQxKUkeZT3pkFJuERP/+R+9aw=";
				CMUX_SIDEBAR_EXTENSION_POINT_ID = com.cmuxterm.app.cmux.sidebar;
				CODE_SIGN_ENTITLEMENTS = Resources/cmux.entitlements;
				CODE_SIGN_STYLE = Automatic;
				COMBINE_HIDPI_IMAGES = YES;
				CURRENT_PROJECT_VERSION = 106;
				DEVELOPMENT_TEAM = "";
				ENABLE_HARDENED_RUNTIME = NO;
				GENERATE_INFOPLIST_FILE = NO;
				INFOPLIST_FILE = Resources/Info.plist;
				LD_RUNPATH_SEARCH_PATHS = (
					"$(inherited)",
					"@executable_path/../Frameworks",
				);
				MACOSX_DEPLOYMENT_TARGET = 26.0;
				MARKETING_VERSION = 0.64.25;
				ONLY_ACTIVE_ARCH = NO;
				OTHER_LDFLAGS = (
					"-lc++",
					"-framework",
					Metal,
					"-framework",
					QuartzCore,
					"-framework",
					IOSurface,
					"-framework",
					UniformTypeIdentifiers,
					"-framework",
					Carbon,
				);
				PRODUCT_BUNDLE_IDENTIFIER = com.cmuxterm.app;
				PRODUCT_NAME = cmux;
				SPARKLE_PUBLIC_KEY = "avjcgKibf1FTvhIjLBxhd+0HSpsXU4D0IGlVk8cgqRc=";
				SWIFT_EMIT_LOC_STRINGS = YES;
				SWIFT_VERSION = 6.0;
			};
			name = Release;
		};
/* End XCBuildConfiguration section */

/* Begin XCConfigurationList section */
		A5001071 /* Build configuration list for PBXProject "cmux" */ = {
			isa = XCConfigurationList;
			buildConfigurations = (
				A5001080 /* Debug */,
				A5001081 /* Release */,
			);
			defaultConfigurationIsVisible = 0;
			defaultConfigurationName = Release;
		};
		CE7A00000000000000000006 /* Build configuration list for PBXNativeTarget "cmux-next" */ = {
			isa = XCConfigurationList;
			buildConfigurations = (
				CE7A00000000000000000007 /* Debug */,
				CE7A00000000000000000008 /* Release */,
			);
			defaultConfigurationIsVisible = 0;
			defaultConfigurationName = Release;
		};
/* End XCConfigurationList section */

/* Begin XCLocalSwiftPackageReference section */
		CE7A00000000000000000013 /* XCLocalSwiftPackageReference "Packages/macOS/CmuxNext" */ = {
			isa = XCLocalSwiftPackageReference;
			relativePath = Packages/macOS/CmuxNext;
		};
/* End XCLocalSwiftPackageReference section */

/* Begin XCRemoteSwiftPackageReference section */
/* End XCRemoteSwiftPackageReference section */

/* Begin XCSwiftPackageProductDependency section */
		CE7A00000000000000000014 /* CmuxNextApp */ = {
			isa = XCSwiftPackageProductDependency;
			package = CE7A00000000000000000013 /* XCLocalSwiftPackageReference "Packages/macOS/CmuxNext" */;
			productName = CmuxNextApp;
		};
/* End XCSwiftPackageProductDependency section */
	};
	rootObject = A5001070 /* Project object */;
}
