// !$*UTF8*$!
{
	archiveVersion = 1;
	classes = {
	};
	objectVersion = 60;
	objects = {

/* Begin PBXBuildFile section */
		8B8A10F02DF5000000A66F90 /* CmuxAppDelegate.swift in Sources */ = {isa = PBXBuildFile; fileRef = 8B8A10F12DF5000000A66F90 /* CmuxAppDelegate.swift */; };
		8B8A10022DF5000000A66F90 /* Assets.xcassets in Resources */ = {isa = PBXBuildFile; fileRef = 8B8A10192DF5000000A66F90 /* Assets.xcassets */; };
		8B8A10032DF5000000A66F90 /* InfoPlist.xcstrings in Resources */ = {isa = PBXBuildFile; fileRef = 8B8A101A2DF5000000A66F90 /* InfoPlist.xcstrings */; };
		8B8A10042DF5000000A66F90 /* Localizable.xcstrings in Resources */ = {isa = PBXBuildFile; fileRef = 8B8A101B2DF5000000A66F90 /* Localizable.xcstrings */; };
		8B8A10E02DF5000000A66F90 /* PrivacyInfo.xcprivacy in Resources */ = {isa = PBXBuildFile; fileRef = 8B8A10E12DF5000000A66F90 /* PrivacyInfo.xcprivacy */; };
		D4E2A0090000000000000001 /* CmuxPhonePush in NotificationService Frameworks */ = {isa = PBXBuildFile; productRef = D4E2A00A0000000000000001 /* CmuxPhonePush */; };
		C0105A010000000000000001 /* CmuxiOSApp in Frameworks */ = {isa = PBXBuildFile; productRef = C0105A020000000000000001 /* CmuxiOSApp */; };
/* End PBXBuildFile section */
		E7B0A0000000000000000020 /* KeyboardUITestSupport.swift in Sources */ = {isa = PBXBuildFile; fileRef = E7B0A0000000000000000010 /* KeyboardUITestSupport.swift */; };
		E7B0A0000000000000000021 /* KeyboardAuditUITests.swift in Sources */ = {isa = PBXBuildFile; fileRef = E7B0A0000000000000000011 /* KeyboardAuditUITests.swift */; };
		D4E2A0010000000000000001 /* NotificationService.swift in Sources */ = {isa = PBXBuildFile; fileRef = D4E2A0020000000000000001 /* NotificationService.swift */; };
		D4E2A0010000000000000002 /* NotificationService.appex in Embed App Extensions */ = {isa = PBXBuildFile; fileRef = D4E2A0030000000000000001 /* NotificationService.appex */; settings = {ATTRIBUTES = (RemoveHeadersOnCopy, ); }; };

/* Begin PBXContainerItemProxy section */
		D4E2A00E0000000000000001 /* PBXContainerItemProxy */ = {
			isa = PBXContainerItemProxy;
			containerPortal = 8B41F63D2DEDD0D5001A66F9 /* Project object */;
			proxyType = 1;
			remoteGlobalIDString = D4E2A0070000000000000001;
			remoteInfo = NotificationService;
		};
/* End PBXContainerItemProxy section */
		E7B0A0000000000000000006 /* PBXContainerItemProxy */ = {isa = PBXContainerItemProxy; containerPortal = 8B41F63D2DEDD0D5001A66F9 /* Project object */; proxyType = 1; remoteGlobalIDString = 8B41F6442DEDD0D5001A66F9; remoteInfo = cmux; };

/* Begin PBXFileReference section */
		8B41F6452DEDD0D5001A66F9 /* cmux.app */ = {isa = PBXFileReference; explicitFileType = wrapper.application; includeInIndex = 0; path = cmux.app; sourceTree = BUILT_PRODUCTS_DIR; };
		8B8A10112DF5000000A66F90 /* Debug.xcconfig */ = {isa = PBXFileReference; lastKnownFileType = text.xcconfig; path = Debug.xcconfig; sourceTree = "<group>"; };
		8B8A10122DF5000000A66F90 /* Release.xcconfig */ = {isa = PBXFileReference; lastKnownFileType = text.xcconfig; path = Release.xcconfig; sourceTree = "<group>"; };
		8B8A10132DF5000000A66F90 /* Tests.xcconfig */ = {isa = PBXFileReference; lastKnownFileType = text.xcconfig; path = Tests.xcconfig; sourceTree = "<group>"; };
		8B8A10142DF5000000A66F90 /* Shared.xcconfig */ = {isa = PBXFileReference; lastKnownFileType = text.xcconfig; path = Shared.xcconfig; sourceTree = "<group>"; };
		8B8A10152DF5000000A66F90 /* Info.plist */ = {isa = PBXFileReference; lastKnownFileType = text.plist.xml; path = Info.plist; sourceTree = "<group>"; };
		8B8A10162DF5000000A66F90 /* cmux.entitlements */ = {isa = PBXFileReference; lastKnownFileType = text.plist.entitlements; path = cmux.entitlements; sourceTree = "<group>"; };
		8B8A10F12DF5000000A66F90 /* CmuxAppDelegate.swift */ = {isa = PBXFileReference; lastKnownFileType = sourcecode.swift; path = CmuxAppDelegate.swift; sourceTree = "<group>"; };
		8B8A10192DF5000000A66F90 /* Assets.xcassets */ = {isa = PBXFileReference; lastKnownFileType = folder.assetcatalog; path = Assets.xcassets; sourceTree = "<group>"; };
		8B8A101A2DF5000000A66F90 /* InfoPlist.xcstrings */ = {isa = PBXFileReference; lastKnownFileType = text.json.xcstrings; path = InfoPlist.xcstrings; sourceTree = "<group>"; };
		8B8A101B2DF5000000A66F90 /* Localizable.xcstrings */ = {isa = PBXFileReference; lastKnownFileType = text.json.xcstrings; path = Localizable.xcstrings; sourceTree = "<group>"; };
		8B8A10E12DF5000000A66F90 /* PrivacyInfo.xcprivacy */ = {isa = PBXFileReference; lastKnownFileType = text.plist.xml; path = PrivacyInfo.xcprivacy; sourceTree = "<group>"; };
/* End PBXFileReference section */
		E7B0A0000000000000000010 /* KeyboardUITestSupport.swift */ = {isa = PBXFileReference; lastKnownFileType = sourcecode.swift; path = KeyboardUITestSupport.swift; sourceTree = "<group>"; };
		E7B0A0000000000000000011 /* KeyboardAuditUITests.swift */ = {isa = PBXFileReference; lastKnownFileType = sourcecode.swift; path = KeyboardAuditUITests.swift; sourceTree = "<group>"; };
		E7B0A0000000000000000001 /* cmuxUITests.xctest */ = {isa = PBXFileReference; explicitFileType = wrapper.cfbundle; includeInIndex = 0; path = cmuxUITests.xctest; sourceTree = BUILT_PRODUCTS_DIR; };
		D4E2A0020000000000000001 /* NotificationService.swift */ = {isa = PBXFileReference; lastKnownFileType = sourcecode.swift; path = NotificationService.swift; sourceTree = "<group>"; };
		D4E2A0030000000000000001 /* NotificationService.appex */ = {isa = PBXFileReference; explicitFileType = wrapper.app-extension; includeInIndex = 0; path = NotificationService.appex; sourceTree = BUILT_PRODUCTS_DIR; };

/* Begin PBXFrameworksBuildPhase section */
		8B41F6422DEDD0D5001A66F9 /* Frameworks */ = {
			isa = PBXFrameworksBuildPhase;
			buildActionMask = 2147483647;
			files = (
				C0105A010000000000000001 /* CmuxiOSApp in Frameworks */,
			);
			runOnlyForDeploymentPostprocessing = 0;
		};
/* End PBXFrameworksBuildPhase section */
		E7B0A0000000000000000004 /* cmuxUITests Frameworks */ = {isa = PBXFrameworksBuildPhase; buildActionMask = 2147483647; files = (); runOnlyForDeploymentPostprocessing = 0; };
		D4E2A0040000000000000001 /* NotificationService Frameworks */ = {isa = PBXFrameworksBuildPhase; buildActionMask = 2147483647; files = (D4E2A0090000000000000001 /* CmuxPhonePush in NotificationService Frameworks */); runOnlyForDeploymentPostprocessing = 0; };

/* Begin PBXGroup section */
		8B41F6472DEDD0D5001A66F9 /* cmux */ = {
			isa = PBXGroup;
			children = (
				8B8A10192DF5000000A66F90 /* Assets.xcassets */,
				8B8A10E12DF5000000A66F90 /* PrivacyInfo.xcprivacy */,
				8B8A10212DF5000000A66F90 /* Resources */,
				8B8A10F12DF5000000A66F90 /* CmuxAppDelegate.swift */,
				D4E2A0050000000000000001 /* NotificationService */,
			);
			path = cmux;
			sourceTree = "<group>";
		};
		8B41F63C2DEDD0D5001A66F9 = {
			isa = PBXGroup;
			children = (
				8BD71C052DEE41D800CEDD92 /* Config */,
				8B41F6472DEDD0D5001A66F9 /* cmux */,
				E7B0A0000000000000000002 /* cmuxUITests */,
				8B41F6812DEDD23B001A66F9 /* Frameworks */,
				8B41F6462DEDD0D5001A66F9 /* Products */,
			);
			sourceTree = "<group>";
		};
		8B41F6462DEDD0D5001A66F9 /* Products */ = {
			isa = PBXGroup;
			children = (
				8B41F6452DEDD0D5001A66F9 /* cmux.app */,
				D4E2A0030000000000000001 /* NotificationService.appex */,
				E7B0A0000000000000000001 /* cmuxUITests.xctest */,
			);
			name = Products;
			sourceTree = "<group>";
		};
		8B41F6812DEDD23B001A66F9 /* Frameworks */ = {
			isa = PBXGroup;
			children = (
			);
			name = Frameworks;
			sourceTree = "<group>";
		};
		8B8A10212DF5000000A66F90 /* Resources */ = {
			isa = PBXGroup;
			children = (
				8B8A101A2DF5000000A66F90 /* InfoPlist.xcstrings */,
				8B8A101B2DF5000000A66F90 /* Localizable.xcstrings */,
			);
			path = Resources;
			sourceTree = "<group>";
		};
		8BD71C052DEE41D800CEDD92 /* Config */ = {
			isa = PBXGroup;
			children = (
				8B8A10112DF5000000A66F90 /* Debug.xcconfig */,
				8B8A10122DF5000000A66F90 /* Release.xcconfig */,
				8B8A10132DF5000000A66F90 /* Tests.xcconfig */,
				8B8A10142DF5000000A66F90 /* Shared.xcconfig */,
				8B8A10152DF5000000A66F90 /* Info.plist */,
				8B8A10162DF5000000A66F90 /* cmux.entitlements */,
			);
			path = Config;
			sourceTree = "<group>";
		};
/* End PBXGroup section */
		E7B0A0000000000000000002 /* cmuxUITests */ = {isa = PBXGroup; children = (E7B0A0000000000000000010 /* KeyboardUITestSupport.swift */, E7B0A0000000000000000011 /* KeyboardAuditUITests.swift */); path = cmuxUITests; sourceTree = "<group>"; };
		D4E2A0050000000000000001 /* NotificationService */ = {isa = PBXGroup; children = (D4E2A0020000000000000001 /* NotificationService.swift */); path = "../NotificationService"; sourceTree = "<group>"; };

/* Begin PBXNativeTarget section */
		8B41F6442DEDD0D5001A66F9 /* cmux */ = {
			isa = PBXNativeTarget;
			buildConfigurationList = 8B41F6662DEDD0D6001A66F9 /* Build configuration list for PBXNativeTarget "cmux" */;
			buildPhases = (
				8B41F6412DEDD0D5001A66F9 /* Sources */,
				8B41F6422DEDD0D5001A66F9 /* Frameworks */,
				8B41F6432DEDD0D5001A66F9 /* Resources */,
				D4E2A0060000000000000001 /* Embed App Extensions */,
			);
			buildRules = (
			);
			dependencies = (
				D4E2A00F0000000000000001 /* PBXTargetDependency */,
			);
			name = cmux;
			packageProductDependencies = (
				C0105A020000000000000001 /* CmuxiOSApp */,
				D4E2A00A0000000000000001 /* CmuxPhonePush */,
			);
			productName = cmux;
			productReference = 8B41F6452DEDD0D5001A66F9 /* cmux.app */;
			productType = "com.apple.product-type.application";
		};
		D4E2A0070000000000000001 /* NotificationService */ = {
			isa = PBXNativeTarget;
			buildConfigurationList = D4E2A00B0000000000000001 /* Build configuration list for NotificationService */;
			buildPhases = (D4E2A0080000000000000001 /* NotificationService Sources */, D4E2A0040000000000000001 /* NotificationService Frameworks */);
			buildRules = ();
			dependencies = ();
			packageProductDependencies = (D4E2A00A0000000000000001 /* CmuxPhonePush */);
			name = NotificationService;
			productName = NotificationService;
			productReference = D4E2A0030000000000000001 /* NotificationService.appex */;
			productType = "com.apple.product-type.app-extension";
		};
/* End PBXNativeTarget section */
		E7B0A0000000000000000005 /* cmuxUITests */ = {isa = PBXNativeTarget; buildConfigurationList = E7B0A0000000000000000008 /* Build configuration list for cmuxUITests */; buildPhases = (E7B0A0000000000000000003 /* cmuxUITests Sources */, E7B0A0000000000000000004 /* cmuxUITests Frameworks */); buildRules = (); dependencies = (E7B0A0000000000000000007 /* PBXTargetDependency */); name = cmuxUITests; productName = cmuxUITests; productReference = E7B0A0000000000000000001 /* cmuxUITests.xctest */; productType = "com.apple.product-type.bundle.ui-testing"; };

/* Begin PBXProject section */
		8B41F63D2DEDD0D5001A66F9 /* Project object */ = {
			isa = PBXProject;
			attributes = {
				BuildIndependentTargetsInParallel = 1;
				LastSwiftUpdateCheck = 1630;
				LastUpgradeCheck = 1630;
				TargetAttributes = {
					8B41F6442DEDD0D5001A66F9 = {
						CreatedOnToolsVersion = 16.3;
					};
					D4E2A0070000000000000001 = { CreatedOnToolsVersion = 16.3; };
					E7B0A0000000000000000005 = { CreatedOnToolsVersion = 27.0; TestTargetID = 8B41F6442DEDD0D5001A66F9; };
				};
			};
			buildConfigurationList = 8B41F6402DEDD0D5001A66F9 /* Build configuration list for PBXProject "cmux" */;
			developmentRegion = en;
			hasScannedForEncodings = 0;
			knownRegions = (
				en,
				Base,
				ja,
				de,
				fr,
				ar,
				es,
				"zh-Hant",
				"zh-Hans",
				ko,
			);
			mainGroup = 8B41F63C2DEDD0D5001A66F9;
			minimizedProjectReferenceProxies = 1;
			productRefGroup = 8B41F6462DEDD0D5001A66F9 /* Products */;
			packageReferences = (
				D4E2A010000000000000001 /* XCLocalSwiftPackageReference "CmuxPhonePush" */,
				C0105A030000000000000001 /* XCLocalSwiftPackageReference "CmuxiOS" */,
			);
			projectDirPath = "";
			projectRoot = "";
			targets = (
				8B41F6442DEDD0D5001A66F9 /* cmux */,
				D4E2A0070000000000000001 /* NotificationService */,
				E7B0A0000000000000000005 /* cmuxUITests */,
			);
		};
/* End PBXProject section */

/* Begin PBXShellScriptBuildPhase section */
/* End PBXShellScriptBuildPhase section */

/* Begin PBXResourcesBuildPhase section */
		8B41F6432DEDD0D5001A66F9 /* Resources */ = {
			isa = PBXResourcesBuildPhase;
			buildActionMask = 2147483647;
			files = (
				8B8A10022DF5000000A66F90 /* Assets.xcassets in Resources */,
				8B8A10032DF5000000A66F90 /* InfoPlist.xcstrings in Resources */,
				8B8A10042DF5000000A66F90 /* Localizable.xcstrings in Resources */,
				8B8A10E02DF5000000A66F90 /* PrivacyInfo.xcprivacy in Resources */,
			);
			runOnlyForDeploymentPostprocessing = 0;
		};
/* End PBXResourcesBuildPhase section */
		D4E2A0060000000000000001 /* Embed App Extensions */ = {isa = PBXCopyFilesBuildPhase; buildActionMask = 2147483647; dstPath = ""; dstSubfolderSpec = 13; files = (D4E2A0010000000000000002 /* NotificationService.appex in Embed App Extensions */); runOnlyForDeploymentPostprocessing = 0; };

/* Begin PBXSourcesBuildPhase section */
		8B41F6412DEDD0D5001A66F9 /* Sources */ = {
			isa = PBXSourcesBuildPhase;
			buildActionMask = 2147483647;
			files = (
				8B8A10F02DF5000000A66F90 /* CmuxAppDelegate.swift in Sources */,
			);
			runOnlyForDeploymentPostprocessing = 0;
		};
/* End PBXSourcesBuildPhase section */
		E7B0A0000000000000000003 /* cmuxUITests Sources */ = {isa = PBXSourcesBuildPhase; buildActionMask = 2147483647; files = (E7B0A0000000000000000020 /* KeyboardUITestSupport.swift in Sources */, E7B0A0000000000000000021 /* KeyboardAuditUITests.swift in Sources */); runOnlyForDeploymentPostprocessing = 0; };
		D4E2A0080000000000000001 /* NotificationService Sources */ = {isa = PBXSourcesBuildPhase; buildActionMask = 2147483647; files = (D4E2A0010000000000000001 /* NotificationService.swift in Sources */); runOnlyForDeploymentPostprocessing = 0; };

/* Begin PBXTargetDependency section */
		D4E2A00F0000000000000001 /* PBXTargetDependency */ = {
			isa = PBXTargetDependency;
			target = D4E2A0070000000000000001 /* NotificationService */;
			targetProxy = D4E2A00E0000000000000001 /* PBXContainerItemProxy */;
		};
/* End PBXTargetDependency section */
		E7B0A0000000000000000007 /* PBXTargetDependency */ = {isa = PBXTargetDependency; target = 8B41F6442DEDD0D5001A66F9 /* cmux */; targetProxy = E7B0A0000000000000000006 /* PBXContainerItemProxy */; };

/* Begin XCBuildConfiguration section */
		8B41F6642DEDD0D6001A66F9 /* Debug */ = {
			isa = XCBuildConfiguration;
			buildSettings = {
				ALWAYS_SEARCH_USER_PATHS = NO;
				ASSETCATALOG_COMPILER_GENERATE_SWIFT_ASSET_SYMBOL_EXTENSIONS = YES;
				CLANG_ANALYZER_NONNULL = YES;
				CLANG_ANALYZER_NUMBER_OBJECT_CONVERSION = YES_AGGRESSIVE;
				CLANG_CXX_LANGUAGE_STANDARD = "gnu++20";
				CLANG_ENABLE_MODULES = YES;
				CLANG_ENABLE_OBJC_ARC = YES;
				CLANG_ENABLE_OBJC_WEAK = YES;
				CLANG_WARN_BLOCK_CAPTURE_AUTORELEASING = YES;
				CLANG_WARN_BOOL_CONVERSION = YES;
				CLANG_WARN_COMMA = YES;
				CLANG_WARN_CONSTANT_CONVERSION = YES;
				CLANG_WARN_DEPRECATED_OBJC_IMPLEMENTATIONS = YES;
				CLANG_WARN_DIRECT_OBJC_ISA_USAGE = YES_ERROR;
				CLANG_WARN_DOCUMENTATION_COMMENTS = YES;
				CLANG_WARN_EMPTY_BODY = YES;
				CLANG_WARN_ENUM_CONVERSION = YES;
				CLANG_WARN_INFINITE_RECURSION = YES;
				CLANG_WARN_INT_CONVERSION = YES;
				CLANG_WARN_NON_LITERAL_NULL_CONVERSION = YES;
				CLANG_WARN_OBJC_IMPLICIT_RETAIN_SELF = YES;
				CLANG_WARN_OBJC_LITERAL_CONVERSION = YES;
				CLANG_WARN_OBJC_ROOT_CLASS = YES_ERROR;
				CLANG_WARN_QUOTED_INCLUDE_IN_FRAMEWORK_HEADER = YES;
				CLANG_WARN_RANGE_LOOP_ANALYSIS = YES;
				CLANG_WARN_STRICT_PROTOTYPES = YES;
				CLANG_WARN_SUSPICIOUS_MOVE = YES;
				CLANG_WARN_UNGUARDED_AVAILABILITY = YES_AGGRESSIVE;
				CLANG_WARN_UNREACHABLE_CODE = YES;
				CLANG_WARN__DUPLICATE_METHOD_MATCH = YES;
				COPY_PHASE_STRIP = NO;
				DEBUG_INFORMATION_FORMAT = dwarf;
				ENABLE_STRICT_OBJC_MSGSEND = YES;
				ENABLE_TESTABILITY = YES;
				ENABLE_USER_SCRIPT_SANDBOXING = YES;
				GCC_C_LANGUAGE_STANDARD = gnu17;
				GCC_DYNAMIC_NO_PIC = NO;
				GCC_NO_COMMON_BLOCKS = YES;
				GCC_OPTIMIZATION_LEVEL = 0;
				GCC_PREPROCESSOR_DEFINITIONS = (
					"DEBUG=1",
					"$(inherited)",
				);
				GCC_WARN_64_TO_32_BIT_CONVERSION = YES;
				GCC_WARN_ABOUT_RETURN_TYPE = YES_ERROR;
				GCC_WARN_UNDECLARED_SELECTOR = YES;
				GCC_WARN_UNINITIALIZED_AUTOS = YES_AGGRESSIVE;
				GCC_WARN_UNUSED_FUNCTION = YES;
				GCC_WARN_UNUSED_VARIABLE = YES;
				IPHONEOS_DEPLOYMENT_TARGET = 17.0;
				LOCALIZATION_PREFERS_STRING_CATALOGS = YES;
				MTL_ENABLE_DEBUG_INFO = INCLUDE_SOURCE;
				MTL_FAST_MATH = YES;
				ONLY_ACTIVE_ARCH = YES;
				SDKROOT = iphoneos;
				SWIFT_ACTIVE_COMPILATION_CONDITIONS = "DEBUG $(inherited)";
				SWIFT_OPTIMIZATION_LEVEL = "-Onone";
				SWIFT_VERSION = 5.0;
			};
			name = Debug;
		};
		8B41F6652DEDD0D6001A66F9 /* Release */ = {
			isa = XCBuildConfiguration;
			buildSettings = {
				ALWAYS_SEARCH_USER_PATHS = NO;
				ASSETCATALOG_COMPILER_GENERATE_SWIFT_ASSET_SYMBOL_EXTENSIONS = YES;
				CLANG_ANALYZER_NONNULL = YES;
				CLANG_ANALYZER_NUMBER_OBJECT_CONVERSION = YES_AGGRESSIVE;
				CLANG_CXX_LANGUAGE_STANDARD = "gnu++20";
				CLANG_ENABLE_MODULES = YES;
				CLANG_ENABLE_OBJC_ARC = YES;
				CLANG_ENABLE_OBJC_WEAK = YES;
				CLANG_WARN_BLOCK_CAPTURE_AUTORELEASING = YES;
				CLANG_WARN_BOOL_CONVERSION = YES;
				CLANG_WARN_COMMA = YES;
				CLANG_WARN_CONSTANT_CONVERSION = YES;
				CLANG_WARN_DEPRECATED_OBJC_IMPLEMENTATIONS = YES;
				CLANG_WARN_DIRECT_OBJC_ISA_USAGE = YES_ERROR;
				CLANG_WARN_DOCUMENTATION_COMMENTS = YES;
				CLANG_WARN_EMPTY_BODY = YES;
				CLANG_WARN_ENUM_CONVERSION = YES;
				CLANG_WARN_INFINITE_RECURSION = YES;
				CLANG_WARN_INT_CONVERSION = YES;
				CLANG_WARN_NON_LITERAL_NULL_CONVERSION = YES;
				CLANG_WARN_OBJC_IMPLICIT_RETAIN_SELF = YES;
				CLANG_WARN_OBJC_LITERAL_CONVERSION = YES;
				CLANG_WARN_OBJC_ROOT_CLASS = YES_ERROR;
				CLANG_WARN_QUOTED_INCLUDE_IN_FRAMEWORK_HEADER = YES;
				CLANG_WARN_RANGE_LOOP_ANALYSIS = YES;
				CLANG_WARN_STRICT_PROTOTYPES = YES;
				CLANG_WARN_SUSPICIOUS_MOVE = YES;
				CLANG_WARN_UNGUARDED_AVAILABILITY = YES_AGGRESSIVE;
				CLANG_WARN_UNREACHABLE_CODE = YES;
				CLANG_WARN__DUPLICATE_METHOD_MATCH = YES;
				COPY_PHASE_STRIP = NO;
				DEBUG_INFORMATION_FORMAT = "dwarf-with-dsym";
				ENABLE_NS_ASSERTIONS = NO;
				ENABLE_STRICT_OBJC_MSGSEND = YES;
				ENABLE_USER_SCRIPT_SANDBOXING = YES;
				GCC_C_LANGUAGE_STANDARD = gnu17;
				GCC_NO_COMMON_BLOCKS = YES;
				GCC_WARN_64_TO_32_BIT_CONVERSION = YES;
				GCC_WARN_ABOUT_RETURN_TYPE = YES_ERROR;
				GCC_WARN_UNDECLARED_SELECTOR = YES;
				GCC_WARN_UNINITIALIZED_AUTOS = YES_AGGRESSIVE;
				GCC_WARN_UNUSED_FUNCTION = YES;
				GCC_WARN_UNUSED_VARIABLE = YES;
				IPHONEOS_DEPLOYMENT_TARGET = 17.0;
				LOCALIZATION_PREFERS_STRING_CATALOGS = YES;
				MTL_ENABLE_DEBUG_INFO = NO;
				MTL_FAST_MATH = YES;
				SDKROOT = iphoneos;
				SWIFT_COMPILATION_MODE = wholemodule;
				SWIFT_VERSION = 5.0;
				VALIDATE_PRODUCT = YES;
			};
			name = Release;
		};
		8B41F6672DEDD0D6001A66F9 /* Debug */ = {
			isa = XCBuildConfiguration;
			baseConfigurationReference = 8B8A10112DF5000000A66F90 /* Debug.xcconfig */;
			buildSettings = {
				ASSETCATALOG_COMPILER_APPICON_NAME = AppIcon;
				ASSETCATALOG_COMPILER_GLOBAL_ACCENT_COLOR_NAME = AccentColor;
				CODE_SIGN_STYLE = Automatic;
				CMUX_IROH_RELAY_POLICY_KEY_ID = "cmux-production-relay-policy-2026-07";
				CMUX_IROH_RELAY_POLICY_NEXT_KEY_ID = "cmux-production-relay-policy-2026-08";
				CMUX_IROH_RELAY_POLICY_NEXT_PUBLIC_KEY_BASE64 = "k+FND+WlELCkHs9QnWg1TfTuHXBwyv2907umX+mUOOU=";
				CMUX_IROH_RELAY_POLICY_PUBLIC_KEY_BASE64 = "qoBinRqX4TI1Ro6xAuOQxKUkeZT3pkFJuERP/+R+9aw=";
				ENABLE_PREVIEWS = YES;
				GENERATE_INFOPLIST_FILE = NO;
				INFOPLIST_FILE = Config/Info.plist;
				INFOPLIST_KEY_CFBundleDisplayName = "$(PRODUCT_DISPLAY_NAME)";
				INFOPLIST_KEY_UIApplicationSceneManifest_Generation = YES;
				INFOPLIST_KEY_UIApplicationSupportsIndirectInputEvents = YES;
				INFOPLIST_KEY_UILaunchScreen_Generation = YES;
				LD_RUNPATH_SEARCH_PATHS = (
					"$(inherited)",
					"@executable_path/Frameworks",
				);
				SWIFT_EMIT_LOC_STRINGS = YES;
				SWIFT_VERSION = 5.0;
			};
			name = Debug;
		};
		8B41F6682DEDD0D6001A66F9 /* Release */ = {
			isa = XCBuildConfiguration;
			baseConfigurationReference = 8B8A10122DF5000000A66F90 /* Release.xcconfig */;
			buildSettings = {
				ASSETCATALOG_COMPILER_APPICON_NAME = AppIcon;
				ASSETCATALOG_COMPILER_GLOBAL_ACCENT_COLOR_NAME = AccentColor;
				CODE_SIGN_STYLE = Automatic;
				CMUX_IROH_RELAY_POLICY_KEY_ID = "cmux-production-relay-policy-2026-07";
				CMUX_IROH_RELAY_POLICY_NEXT_KEY_ID = "cmux-production-relay-policy-2026-08";
				CMUX_IROH_RELAY_POLICY_NEXT_PUBLIC_KEY_BASE64 = "k+FND+WlELCkHs9QnWg1TfTuHXBwyv2907umX+mUOOU=";
				CMUX_IROH_RELAY_POLICY_PUBLIC_KEY_BASE64 = "qoBinRqX4TI1Ro6xAuOQxKUkeZT3pkFJuERP/+R+9aw=";
				ENABLE_PREVIEWS = YES;
				GENERATE_INFOPLIST_FILE = NO;
				INFOPLIST_FILE = Config/Info.plist;
				INFOPLIST_KEY_CFBundleDisplayName = "$(PRODUCT_DISPLAY_NAME)";
				INFOPLIST_KEY_UIApplicationSceneManifest_Generation = YES;
				INFOPLIST_KEY_UIApplicationSupportsIndirectInputEvents = YES;
				INFOPLIST_KEY_UILaunchScreen_Generation = YES;
				LD_RUNPATH_SEARCH_PATHS = (
					"$(inherited)",
					"@executable_path/Frameworks",
				);
				SWIFT_EMIT_LOC_STRINGS = YES;
				SWIFT_VERSION = 5.0;
			};
			name = Release;
		};
		D4E2A00C0000000000000001 /* Debug */ = { isa = XCBuildConfiguration; baseConfigurationReference = 8B8A10112DF5000000A66F90 /* Debug.xcconfig */; buildSettings = { CODE_SIGN_STYLE = Automatic; CODE_SIGN_ENTITLEMENTS = "$(CMUX_NOTIFICATION_SERVICE_CODE_SIGN_ENTITLEMENTS)"; CMUX_HOST_BUNDLE_IDENTIFIER = "$(CMUX_APP_BUNDLE_IDENTIFIER)"; GENERATE_INFOPLIST_FILE = NO; INFOPLIST_FILE = NotificationService/Info.plist; INFOPLIST_KEY_CFBundleIdentifier = "$(CMUX_NOTIFICATION_SERVICE_BUNDLE_IDENTIFIER)"; PRODUCT_BUNDLE_IDENTIFIER = "$(CMUX_NOTIFICATION_SERVICE_BUNDLE_IDENTIFIER)"; PRODUCT_NAME = NotificationService; SWIFT_VERSION = 5.0; WRAPPER_EXTENSION = appex; }; name = Debug; };
		D4E2A00D0000000000000001 /* Release */ = { isa = XCBuildConfiguration; baseConfigurationReference = 8B8A10122DF5000000A66F90 /* Release.xcconfig */; buildSettings = { CODE_SIGN_STYLE = Automatic; CODE_SIGN_ENTITLEMENTS = "$(CMUX_NOTIFICATION_SERVICE_CODE_SIGN_ENTITLEMENTS)"; CMUX_HOST_BUNDLE_IDENTIFIER = "$(CMUX_APP_BUNDLE_IDENTIFIER)"; GENERATE_INFOPLIST_FILE = NO; INFOPLIST_FILE = NotificationService/Info.plist; INFOPLIST_KEY_CFBundleIdentifier = "$(CMUX_NOTIFICATION_SERVICE_BUNDLE_IDENTIFIER)"; PRODUCT_BUNDLE_IDENTIFIER = "$(CMUX_NOTIFICATION_SERVICE_BUNDLE_IDENTIFIER)"; PRODUCT_NAME = NotificationService; SWIFT_VERSION = 5.0; WRAPPER_EXTENSION = appex; }; name = Release; };
/* End XCBuildConfiguration section */
		E7B0A0000000000000000009 /* Debug */ = { isa = XCBuildConfiguration; baseConfigurationReference = 8B8A10132DF5000000A66F90 /* Tests.xcconfig */; buildSettings = { CODE_SIGN_STYLE = Automatic; GENERATE_INFOPLIST_FILE = YES; PRODUCT_NAME = cmuxUITests; PRODUCT_MODULE_NAME = cmuxUITests; SWIFT_VERSION = 6.0; TARGETED_DEVICE_FAMILY = "1,2"; }; name = Debug; };
		E7B0A0000000000000000030 /* Release */ = { isa = XCBuildConfiguration; baseConfigurationReference = 8B8A10132DF5000000A66F90 /* Tests.xcconfig */; buildSettings = { CODE_SIGN_STYLE = Automatic; GENERATE_INFOPLIST_FILE = YES; PRODUCT_NAME = cmuxUITests; PRODUCT_MODULE_NAME = cmuxUITests; SWIFT_VERSION = 6.0; TARGETED_DEVICE_FAMILY = "1,2"; }; name = Release; };

/* Begin XCConfigurationList section */
		8B41F6402DEDD0D5001A66F9 /* Build configuration list for PBXProject "cmux" */ = {
			isa = XCConfigurationList;
			buildConfigurations = (
				8B41F6642DEDD0D6001A66F9 /* Debug */,
				8B41F6652DEDD0D6001A66F9 /* Release */,
			);
			defaultConfigurationIsVisible = 0;
			defaultConfigurationName = Release;
		};
		8B41F6662DEDD0D6001A66F9 /* Build configuration list for PBXNativeTarget "cmux" */ = {
			isa = XCConfigurationList;
			buildConfigurations = (
				8B41F6672DEDD0D6001A66F9 /* Debug */,
				8B41F6682DEDD0D6001A66F9 /* Release */,
			);
			defaultConfigurationIsVisible = 0;
			defaultConfigurationName = Release;
		};
		D4E2A00B0000000000000001 /* Build configuration list for NotificationService */ = { isa = XCConfigurationList; buildConfigurations = (D4E2A00C0000000000000001 /* Debug */, D4E2A00D0000000000000001 /* Release */); defaultConfigurationIsVisible = 0; defaultConfigurationName = Release; };
/* End XCConfigurationList section */
		E7B0A0000000000000000008 /* Build configuration list for cmuxUITests */ = { isa = XCConfigurationList; buildConfigurations = (E7B0A0000000000000000009 /* Debug */, E7B0A0000000000000000030 /* Release */); defaultConfigurationIsVisible = 0; defaultConfigurationName = Release; };

/* Begin XCSwiftPackageProductDependency section */
		C0105A020000000000000001 /* CmuxiOSApp */ = {
			isa = XCSwiftPackageProductDependency;
			package = C0105A030000000000000001 /* XCLocalSwiftPackageReference "CmuxiOS" */;
			productName = CmuxiOSApp;
		};
/* End XCSwiftPackageProductDependency section */
		D4E2A00A0000000000000001 /* CmuxPhonePush */ = { isa = XCSwiftPackageProductDependency; package = D4E2A010000000000000001 /* XCLocalSwiftPackageReference "CmuxPhonePush" */; productName = CmuxPhonePush; };

/* Begin XCLocalSwiftPackageReference section */
		D4E2A010000000000000001 /* XCLocalSwiftPackageReference "CmuxPhonePush" */ = {
			isa = XCLocalSwiftPackageReference;
			relativePath = ../Packages/macOS/CmuxPhonePush;
		};
		C0105A030000000000000001 /* XCLocalSwiftPackageReference "CmuxiOS" */ = {
			isa = XCLocalSwiftPackageReference;
			relativePath = CmuxiOS;
		};
/* End XCLocalSwiftPackageReference section */
	};
	rootObject = 8B41F63D2DEDD0D5001A66F9 /* Project object */;
}
